// !$*UTF8*$!
{
	archiveVersion = 1;
	classes = {
	};
	objectVersion = 56;
	objects = {

/* Begin PBXBuildFile section */
		637B5C4B2AC4E1FF00730C01 /* MainTabBarController.swift in Sources */ = {isa = PBXBuildFile; fileRef = 637B5C4A2AC4E1FF00730C01 /* MainTabBarController.swift */; };
		637B5C4D2AC4E71D00730C01 /* ReadingRecordViewController.swift in Sources */ = {isa = PBXBuildFile; fileRef = 637B5C4C2AC4E71D00730C01 /* ReadingRecordViewController.swift */; };
		637B5C4F2AC4E77B00730C01 /* BookShelfViewController.swift in Sources */ = {isa = PBXBuildFile; fileRef = 637B5C4E2AC4E77A00730C01 /* BookShelfViewController.swift */; };
		637B5C512AC4E79900730C01 /* NoteViewController.swift in Sources */ = {isa = PBXBuildFile; fileRef = 637B5C502AC4E79900730C01 /* NoteViewController.swift */; };
		637B5C532AC4E7AB00730C01 /* SettingsViewController.swift in Sources */ = {isa = PBXBuildFile; fileRef = 637B5C522AC4E7AB00730C01 /* SettingsViewController.swift */; };
		637B5C562AC6DB5600730C01 /* SearchBookViewController.swift in Sources */ = {isa = PBXBuildFile; fileRef = 637B5C552AC6DB5600730C01 /* SearchBookViewController.swift */; };
		637B5C5C2AC86BB300730C01 /* SnapKit in Frameworks */ = {isa = PBXBuildFile; productRef = 637B5C5B2AC86BB300730C01 /* SnapKit */; };
		637B5C5E2AC86BB300730C01 /* SnapKit-Dynamic in Frameworks */ = {isa = PBXBuildFile; productRef = 637B5C5D2AC86BB300730C01 /* SnapKit-Dynamic */; };
		63A673402AC33AFD004F43F4 /* Realm in Frameworks */ = {isa = PBXBuildFile; productRef = 63A6733F2AC33AFD004F43F4 /* Realm */; };
		63A673422AC33AFD004F43F4 /* RealmSwift in Frameworks */ = {isa = PBXBuildFile; productRef = 63A673412AC33AFD004F43F4 /* RealmSwift */; };
		63A673462AC33BCD004F43F4 /* Book.swift in Sources */ = {isa = PBXBuildFile; fileRef = 63A673452AC33BCD004F43F4 /* Book.swift */; };
		63A673492AC3447B004F43F4 /* StatusOfReading.swift in Sources */ = {isa = PBXBuildFile; fileRef = 63A673482AC3447B004F43F4 /* StatusOfReading.swift */; };
		63A6734B2AC3451C004F43F4 /* Author.swift in Sources */ = {isa = PBXBuildFile; fileRef = 63A6734A2AC3451C004F43F4 /* Author.swift */; };
		63A6734D2AC34C2E004F43F4 /* ReadingHistory.swift in Sources */ = {isa = PBXBuildFile; fileRef = 63A6734C2AC34C2E004F43F4 /* ReadingHistory.swift */; };
		63A6734F2AC35810004F43F4 /* ReadingRecord.swift in Sources */ = {isa = PBXBuildFile; fileRef = 63A6734E2AC35810004F43F4 /* ReadingRecord.swift */; };
		63A673512AC35AE3004F43F4 /* Note.swift in Sources */ = {isa = PBXBuildFile; fileRef = 63A673502AC35AE3004F43F4 /* Note.swift */; };
		63A673532AC36132004F43F4 /* Comment.swift in Sources */ = {isa = PBXBuildFile; fileRef = 63A673522AC36132004F43F4 /* Comment.swift */; };
		63A673552AC3F555004F43F4 /* PurchaseHistory.swift in Sources */ = {isa = PBXBuildFile; fileRef = 63A673542AC3F555004F43F4 /* PurchaseHistory.swift */; };
		63A673572AC3FD13004F43F4 /* BookType.swift in Sources */ = {isa = PBXBuildFile; fileRef = 63A673562AC3FD13004F43F4 /* BookType.swift */; };
		63A6735A2AC3FD6B004F43F4 /* CheckoutHistory.swift in Sources */ = {isa = PBXBuildFile; fileRef = 63A673592AC3FD6B004F43F4 /* CheckoutHistory.swift */; };
		63A6735C2AC40380004F43F4 /* Series.swift in Sources */ = {isa = PBXBuildFile; fileRef = 63A6735B2AC40380004F43F4 /* Series.swift */; };
		63A6735E2AC41488004F43F4 /* Tag.swift in Sources */ = {isa = PBXBuildFile; fileRef = 63A6735D2AC41488004F43F4 /* Tag.swift */; };
		63A673622AC4772E004F43F4 /* RealmRepository.swift in Sources */ = {isa = PBXBuildFile; fileRef = 63A673612AC4772E004F43F4 /* RealmRepository.swift */; };
		63A6736A2AC4A25B004F43F4 /* RealmError.swift in Sources */ = {isa = PBXBuildFile; fileRef = 63A673692AC4A25B004F43F4 /* RealmError.swift */; };
		63BB13B52AC164D50060073D /* AppDelegate.swift in Sources */ = {isa = PBXBuildFile; fileRef = 63BB13B42AC164D50060073D /* AppDelegate.swift */; };
		63BB13B72AC164D50060073D /* SceneDelegate.swift in Sources */ = {isa = PBXBuildFile; fileRef = 63BB13B62AC164D50060073D /* SceneDelegate.swift */; };
		63BB13B92AC164D50060073D /* BaseViewController.swift in Sources */ = {isa = PBXBuildFile; fileRef = 63BB13B82AC164D50060073D /* BaseViewController.swift */; };
		63BB13BE2AC164D70060073D /* Assets.xcassets in Resources */ = {isa = PBXBuildFile; fileRef = 63BB13BD2AC164D70060073D /* Assets.xcassets */; };
		63BB13C12AC164D70060073D /* LaunchScreen.storyboard in Resources */ = {isa = PBXBuildFile; fileRef = 63BB13BF2AC164D70060073D /* LaunchScreen.storyboard */; };
		63BB13CA2AC17A610060073D /* Alamofire in Frameworks */ = {isa = PBXBuildFile; productRef = 63BB13C92AC17A610060073D /* Alamofire */; };
		63BB13CD2AC17B510060073D /* AladinRouter.swift in Sources */ = {isa = PBXBuildFile; fileRef = 63BB13CC2AC17B510060073D /* AladinRouter.swift */; };
		63BB13D02AC17BAB0060073D /* APIKey.swift in Sources */ = {isa = PBXBuildFile; fileRef = 63BB13CF2AC17BAB0060073D /* APIKey.swift */; };
		63BB13D32AC181C10060073D /* AladinSearchResponse.swift in Sources */ = {isa = PBXBuildFile; fileRef = 63BB13D22AC181C10060073D /* AladinSearchResponse.swift */; };
		63BB13D52AC189160060073D /* AladinLookUpResponse.swift in Sources */ = {isa = PBXBuildFile; fileRef = 63BB13D42AC189160060073D /* AladinLookUpResponse.swift */; };
		63BB13DB2AC2D37A0060073D /* AladinAPIManager.swift in Sources */ = {isa = PBXBuildFile; fileRef = 63BB13DA2AC2D37A0060073D /* AladinAPIManager.swift */; };
/* End PBXBuildFile section */

/* Begin PBXFileReference section */
		637B5C4A2AC4E1FF00730C01 /* MainTabBarController.swift */ = {isa = PBXFileReference; lastKnownFileType = sourcecode.swift; path = MainTabBarController.swift; sourceTree = "<group>"; };
		637B5C4C2AC4E71D00730C01 /* ReadingRecordViewController.swift */ = {isa = PBXFileReference; lastKnownFileType = sourcecode.swift; path = ReadingRecordViewController.swift; sourceTree = "<group>"; };
		637B5C4E2AC4E77A00730C01 /* BookShelfViewController.swift */ = {isa = PBXFileReference; lastKnownFileType = sourcecode.swift; path = BookShelfViewController.swift; sourceTree = "<group>"; };
		637B5C502AC4E79900730C01 /* NoteViewController.swift */ = {isa = PBXFileReference; lastKnownFileType = sourcecode.swift; path = NoteViewController.swift; sourceTree = "<group>"; };
		637B5C522AC4E7AB00730C01 /* SettingsViewController.swift */ = {isa = PBXFileReference; lastKnownFileType = sourcecode.swift; path = SettingsViewController.swift; sourceTree = "<group>"; };
		637B5C552AC6DB5600730C01 /* SearchBookViewController.swift */ = {isa = PBXFileReference; lastKnownFileType = sourcecode.swift; path = SearchBookViewController.swift; sourceTree = "<group>"; };
		63A673452AC33BCD004F43F4 /* Book.swift */ = {isa = PBXFileReference; lastKnownFileType = sourcecode.swift; path = Book.swift; sourceTree = "<group>"; };
		63A673482AC3447B004F43F4 /* StatusOfReading.swift */ = {isa = PBXFileReference; lastKnownFileType = sourcecode.swift; path = StatusOfReading.swift; sourceTree = "<group>"; };
		63A6734A2AC3451C004F43F4 /* Author.swift */ = {isa = PBXFileReference; lastKnownFileType = sourcecode.swift; path = Author.swift; sourceTree = "<group>"; };
		63A6734C2AC34C2E004F43F4 /* ReadingHistory.swift */ = {isa = PBXFileReference; lastKnownFileType = sourcecode.swift; path = ReadingHistory.swift; sourceTree = "<group>"; };
		63A6734E2AC35810004F43F4 /* ReadingRecord.swift */ = {isa = PBXFileReference; lastKnownFileType = sourcecode.swift; path = ReadingRecord.swift; sourceTree = "<group>"; };
		63A673502AC35AE3004F43F4 /* Note.swift */ = {isa = PBXFileReference; lastKnownFileType = sourcecode.swift; path = Note.swift; sourceTree = "<group>"; };
		63A673522AC36132004F43F4 /* Comment.swift */ = {isa = PBXFileReference; lastKnownFileType = sourcecode.swift; path = Comment.swift; sourceTree = "<group>"; };
		63A673542AC3F555004F43F4 /* PurchaseHistory.swift */ = {isa = PBXFileReference; lastKnownFileType = sourcecode.swift; path = PurchaseHistory.swift; sourceTree = "<group>"; };
		63A673562AC3FD13004F43F4 /* BookType.swift */ = {isa = PBXFileReference; lastKnownFileType = sourcecode.swift; path = BookType.swift; sourceTree = "<group>"; };
		63A673592AC3FD6B004F43F4 /* CheckoutHistory.swift */ = {isa = PBXFileReference; lastKnownFileType = sourcecode.swift; path = CheckoutHistory.swift; sourceTree = "<group>"; };
		63A6735B2AC40380004F43F4 /* Series.swift */ = {isa = PBXFileReference; lastKnownFileType = sourcecode.swift; path = Series.swift; sourceTree = "<group>"; };
		63A6735D2AC41488004F43F4 /* Tag.swift */ = {isa = PBXFileReference; lastKnownFileType = sourcecode.swift; path = Tag.swift; sourceTree = "<group>"; };
		63A673612AC4772E004F43F4 /* RealmRepository.swift */ = {isa = PBXFileReference; lastKnownFileType = sourcecode.swift; path = RealmRepository.swift; sourceTree = "<group>"; };
		63A673692AC4A25B004F43F4 /* RealmError.swift */ = {isa = PBXFileReference; lastKnownFileType = sourcecode.swift; path = RealmError.swift; sourceTree = "<group>"; };
		63BB13B12AC164D50060073D /* BookitList.app */ = {isa = PBXFileReference; explicitFileType = wrapper.application; includeInIndex = 0; path = BookitList.app; sourceTree = BUILT_PRODUCTS_DIR; };
		63BB13B42AC164D50060073D /* AppDelegate.swift */ = {isa = PBXFileReference; lastKnownFileType = sourcecode.swift; path = AppDelegate.swift; sourceTree = "<group>"; };
		63BB13B62AC164D50060073D /* SceneDelegate.swift */ = {isa = PBXFileReference; lastKnownFileType = sourcecode.swift; path = SceneDelegate.swift; sourceTree = "<group>"; };
		63BB13B82AC164D50060073D /* BaseViewController.swift */ = {isa = PBXFileReference; lastKnownFileType = sourcecode.swift; path = BaseViewController.swift; sourceTree = "<group>"; };
		63BB13BD2AC164D70060073D /* Assets.xcassets */ = {isa = PBXFileReference; lastKnownFileType = folder.assetcatalog; path = Assets.xcassets; sourceTree = "<group>"; };
		63BB13C02AC164D70060073D /* Base */ = {isa = PBXFileReference; lastKnownFileType = file.storyboard; name = Base; path = Base.lproj/LaunchScreen.storyboard; sourceTree = "<group>"; };
		63BB13C22AC164D70060073D /* Info.plist */ = {isa = PBXFileReference; lastKnownFileType = text.plist.xml; path = Info.plist; sourceTree = "<group>"; };
		63BB13CC2AC17B510060073D /* AladinRouter.swift */ = {isa = PBXFileReference; lastKnownFileType = sourcecode.swift; path = AladinRouter.swift; sourceTree = "<group>"; };
		63BB13CF2AC17BAB0060073D /* APIKey.swift */ = {isa = PBXFileReference; lastKnownFileType = sourcecode.swift; path = APIKey.swift; sourceTree = "<group>"; };
		63BB13D22AC181C10060073D /* AladinSearchResponse.swift */ = {isa = PBXFileReference; lastKnownFileType = sourcecode.swift; path = AladinSearchResponse.swift; sourceTree = "<group>"; };
		63BB13D42AC189160060073D /* AladinLookUpResponse.swift */ = {isa = PBXFileReference; lastKnownFileType = sourcecode.swift; path = AladinLookUpResponse.swift; sourceTree = "<group>"; };
		63BB13DA2AC2D37A0060073D /* AladinAPIManager.swift */ = {isa = PBXFileReference; lastKnownFileType = sourcecode.swift; path = AladinAPIManager.swift; sourceTree = "<group>"; };
/* End PBXFileReference section */

/* Begin PBXFrameworksBuildPhase section */
		63BB13AE2AC164D50060073D /* Frameworks */ = {
			isa = PBXFrameworksBuildPhase;
			buildActionMask = 2147483647;
			files = (
				637B5C5E2AC86BB300730C01 /* SnapKit-Dynamic in Frameworks */,
				63A673422AC33AFD004F43F4 /* RealmSwift in Frameworks */,
				637B5C5C2AC86BB300730C01 /* SnapKit in Frameworks */,
				63A673402AC33AFD004F43F4 /* Realm in Frameworks */,
				63BB13CA2AC17A610060073D /* Alamofire in Frameworks */,
			);
			runOnlyForDeploymentPostprocessing = 0;
		};
/* End PBXFrameworksBuildPhase section */

/* Begin PBXGroup section */
		637B5C482AC4D83600730C01 /* BaseUI */ = {
			isa = PBXGroup;
			children = (
				63BB13B82AC164D50060073D /* BaseViewController.swift */,
			);
			path = BaseUI;
			sourceTree = "<group>";
		};
		637B5C492AC4E15400730C01 /* ViewController */ = {
			isa = PBXGroup;
			children = (
				637B5C4A2AC4E1FF00730C01 /* MainTabBarController.swift */,
				637B5C4C2AC4E71D00730C01 /* ReadingRecordViewController.swift */,
				637B5C542AC6DB3800730C01 /* SeachBook */,
				637B5C4E2AC4E77A00730C01 /* BookShelfViewController.swift */,
				637B5C502AC4E79900730C01 /* NoteViewController.swift */,
				637B5C522AC4E7AB00730C01 /* SettingsViewController.swift */,
			);
			path = ViewController;
			sourceTree = "<group>";
		};
		637B5C542AC6DB3800730C01 /* SeachBook */ = {
			isa = PBXGroup;
			children = (
				637B5C552AC6DB5600730C01 /* SearchBookViewController.swift */,
			);
			path = SeachBook;
			sourceTree = "<group>";
		};
		63A673322AC307DF004F43F4 /* AladinAPI */ = {
			isa = PBXGroup;
			children = (
				63BB13CC2AC17B510060073D /* AladinRouter.swift */,
				63BB13DA2AC2D37A0060073D /* AladinAPIManager.swift */,
			);
			path = AladinAPI;
			sourceTree = "<group>";
		};
		63A673432AC33B99004F43F4 /* Database */ = {
			isa = PBXGroup;
			children = (
				63A673612AC4772E004F43F4 /* RealmRepository.swift */,
				63A673692AC4A25B004F43F4 /* RealmError.swift */,
				63A673442AC33BA4004F43F4 /* RealmModel */,
			);
			path = Database;
			sourceTree = "<group>";
		};
		63A673442AC33BA4004F43F4 /* RealmModel */ = {
			isa = PBXGroup;
			children = (
				63A673452AC33BCD004F43F4 /* Book.swift */,
				63A6734A2AC3451C004F43F4 /* Author.swift */,
				63A6734C2AC34C2E004F43F4 /* ReadingHistory.swift */,
				63A6734E2AC35810004F43F4 /* ReadingRecord.swift */,
				63A673502AC35AE3004F43F4 /* Note.swift */,
				63A673522AC36132004F43F4 /* Comment.swift */,
				63A673542AC3F555004F43F4 /* PurchaseHistory.swift */,
				63A673592AC3FD6B004F43F4 /* CheckoutHistory.swift */,
				63A6735B2AC40380004F43F4 /* Series.swift */,
				63A6735D2AC41488004F43F4 /* Tag.swift */,
			);
			path = RealmModel;
			sourceTree = "<group>";
		};
		63A673472AC34411004F43F4 /* Model */ = {
			isa = PBXGroup;
			children = (
				63A673482AC3447B004F43F4 /* StatusOfReading.swift */,
				63A673562AC3FD13004F43F4 /* BookType.swift */,
			);
			path = Model;
			sourceTree = "<group>";
		};
		63BB13A82AC164D50060073D = {
			isa = PBXGroup;
			children = (
				63BB13B32AC164D50060073D /* BookitList */,
				63BB13B22AC164D50060073D /* Products */,
			);
			sourceTree = "<group>";
		};
		63BB13B22AC164D50060073D /* Products */ = {
			isa = PBXGroup;
			children = (
				63BB13B12AC164D50060073D /* BookitList.app */,
			);
			name = Products;
			sourceTree = "<group>";
		};
		63BB13B32AC164D50060073D /* BookitList */ = {
			isa = PBXGroup;
			children = (
				63BB13B42AC164D50060073D /* AppDelegate.swift */,
				63BB13B62AC164D50060073D /* SceneDelegate.swift */,
				637B5C492AC4E15400730C01 /* ViewController */,
				637B5C482AC4D83600730C01 /* BaseUI */,
				63A673472AC34411004F43F4 /* Model */,
				63A673432AC33B99004F43F4 /* Database */,
				63BB13CB2AC17A910060073D /* Network */,
				63BB13BF2AC164D70060073D /* LaunchScreen.storyboard */,
				63BB13BD2AC164D70060073D /* Assets.xcassets */,
				63BB13C22AC164D70060073D /* Info.plist */,
			);
			path = BookitList;
			sourceTree = "<group>";
		};
		63BB13CB2AC17A910060073D /* Network */ = {
			isa = PBXGroup;
			children = (
				63BB13CF2AC17BAB0060073D /* APIKey.swift */,
				63BB13D12AC1816C0060073D /* Model */,
				63A673322AC307DF004F43F4 /* AladinAPI */,
			);
			path = Network;
			sourceTree = "<group>";
		};
		63BB13D12AC1816C0060073D /* Model */ = {
			isa = PBXGroup;
			children = (
				63BB13D22AC181C10060073D /* AladinSearchResponse.swift */,
				63BB13D42AC189160060073D /* AladinLookUpResponse.swift */,
			);
			path = Model;
			sourceTree = "<group>";
		};
/* End PBXGroup section */

/* Begin PBXNativeTarget section */
		63BB13B02AC164D50060073D /* BookitList */ = {
			isa = PBXNativeTarget;
			buildConfigurationList = 63BB13C52AC164D70060073D /* Build configuration list for PBXNativeTarget "BookitList" */;
			buildPhases = (
				63BB13AD2AC164D50060073D /* Sources */,
				63BB13AE2AC164D50060073D /* Frameworks */,
				63BB13AF2AC164D50060073D /* Resources */,
			);
			buildRules = (
			);
			dependencies = (
			);
			name = BookitList;
			packageProductDependencies = (
				63BB13C92AC17A610060073D /* Alamofire */,
				63A6733F2AC33AFD004F43F4 /* Realm */,
				63A673412AC33AFD004F43F4 /* RealmSwift */,
				637B5C5B2AC86BB300730C01 /* SnapKit */,
				637B5C5D2AC86BB300730C01 /* SnapKit-Dynamic */,
			);
			productName = BookitList;
			productReference = 63BB13B12AC164D50060073D /* BookitList.app */;
			productType = "com.apple.product-type.application";
		};
/* End PBXNativeTarget section */

/* Begin PBXProject section */
		63BB13A92AC164D50060073D /* Project object */ = {
			isa = PBXProject;
			attributes = {
				BuildIndependentTargetsInParallel = 1;
				LastSwiftUpdateCheck = 1500;
				LastUpgradeCheck = 1500;
				TargetAttributes = {
					63BB13B02AC164D50060073D = {
						CreatedOnToolsVersion = 15.0;
					};
				};
			};
			buildConfigurationList = 63BB13AC2AC164D50060073D /* Build configuration list for PBXProject "BookitList" */;
			compatibilityVersion = "Xcode 14.0";
			developmentRegion = en;
			hasScannedForEncodings = 0;
			knownRegions = (
				en,
				Base,
			);
			mainGroup = 63BB13A82AC164D50060073D;
			packageReferences = (
				63BB13C82AC17A610060073D /* XCRemoteSwiftPackageReference "Alamofire" */,
				63A6733E2AC33AFD004F43F4 /* XCRemoteSwiftPackageReference "realm-swift" */,
				637B5C5A2AC86BB300730C01 /* XCRemoteSwiftPackageReference "SnapKit" */,
			);
			productRefGroup = 63BB13B22AC164D50060073D /* Products */;
			projectDirPath = "";
			projectRoot = "";
			targets = (
				63BB13B02AC164D50060073D /* BookitList */,
			);
		};
/* End PBXProject section */

/* Begin PBXResourcesBuildPhase section */
		63BB13AF2AC164D50060073D /* Resources */ = {
			isa = PBXResourcesBuildPhase;
			buildActionMask = 2147483647;
			files = (
				63BB13C12AC164D70060073D /* LaunchScreen.storyboard in Resources */,
				63BB13BE2AC164D70060073D /* Assets.xcassets in Resources */,
			);
			runOnlyForDeploymentPostprocessing = 0;
		};
/* End PBXResourcesBuildPhase section */

/* Begin PBXSourcesBuildPhase section */
		63BB13AD2AC164D50060073D /* Sources */ = {
			isa = PBXSourcesBuildPhase;
			buildActionMask = 2147483647;
			files = (
				63BB13B92AC164D50060073D /* BaseViewController.swift in Sources */,
				63BB13B52AC164D50060073D /* AppDelegate.swift in Sources */,
				63A6735A2AC3FD6B004F43F4 /* CheckoutHistory.swift in Sources */,
				63A6735C2AC40380004F43F4 /* Series.swift in Sources */,
				63BB13B72AC164D50060073D /* SceneDelegate.swift in Sources */,
				63A673572AC3FD13004F43F4 /* BookType.swift in Sources */,
				637B5C4B2AC4E1FF00730C01 /* MainTabBarController.swift in Sources */,
				63A6734D2AC34C2E004F43F4 /* ReadingHistory.swift in Sources */,
				63BB13D32AC181C10060073D /* AladinSearchResponse.swift in Sources */,
				63BB13CD2AC17B510060073D /* AladinRouter.swift in Sources */,
				63A673462AC33BCD004F43F4 /* Book.swift in Sources */,
				637B5C4D2AC4E71D00730C01 /* ReadingRecordViewController.swift in Sources */,
				63BB13D02AC17BAB0060073D /* APIKey.swift in Sources */,
				63A673622AC4772E004F43F4 /* RealmRepository.swift in Sources */,
				63A6736A2AC4A25B004F43F4 /* RealmError.swift in Sources */,
				63A6734B2AC3451C004F43F4 /* Author.swift in Sources */,
				637B5C512AC4E79900730C01 /* NoteViewController.swift in Sources */,
				637B5C562AC6DB5600730C01 /* SearchBookViewController.swift in Sources */,
				63A6735E2AC41488004F43F4 /* Tag.swift in Sources */,
				63A673512AC35AE3004F43F4 /* Note.swift in Sources */,
				637B5C4F2AC4E77B00730C01 /* BookShelfViewController.swift in Sources */,
				63A673532AC36132004F43F4 /* Comment.swift in Sources */,
				63A673552AC3F555004F43F4 /* PurchaseHistory.swift in Sources */,
				63A673492AC3447B004F43F4 /* StatusOfReading.swift in Sources */,
				63BB13D52AC189160060073D /* AladinLookUpResponse.swift in Sources */,
				63BB13DB2AC2D37A0060073D /* AladinAPIManager.swift in Sources */,
				63A6734F2AC35810004F43F4 /* ReadingRecord.swift in Sources */,
				637B5C532AC4E7AB00730C01 /* SettingsViewController.swift in Sources */,
			);
			runOnlyForDeploymentPostprocessing = 0;
		};
/* End PBXSourcesBuildPhase section */

/* Begin PBXVariantGroup section */
		63BB13BF2AC164D70060073D /* LaunchScreen.storyboard */ = {
			isa = PBXVariantGroup;
			children = (
				63BB13C02AC164D70060073D /* Base */,
			);
			name = LaunchScreen.storyboard;
			sourceTree = "<group>";
		};
/* End PBXVariantGroup section */

/* Begin XCBuildConfiguration section */
		63BB13C32AC164D70060073D /* Debug */ = {
			isa = XCBuildConfiguration;
			buildSettings = {
				ALWAYS_SEARCH_USER_PATHS = NO;
				ASSETCATALOG_COMPILER_GENERATE_SWIFT_ASSET_SYMBOL_EXTENSIONS = YES;
				CLANG_ANALYZER_NONNULL = YES;
				CLANG_ANALYZER_NUMBER_OBJECT_CONVERSION = YES_AGGRESSIVE;
				CLANG_CXX_LANGUAGE_STANDARD = "gnu++20";
				CLANG_ENABLE_MODULES = YES;
				CLANG_ENABLE_OBJC_ARC = YES;
				CLANG_ENABLE_OBJC_WEAK = YES;
				CLANG_WARN_BLOCK_CAPTURE_AUTORELEASING = YES;
				CLANG_WARN_BOOL_CONVERSION = YES;
				CLANG_WARN_COMMA = YES;
				CLANG_WARN_CONSTANT_CONVERSION = YES;
				CLANG_WARN_DEPRECATED_OBJC_IMPLEMENTATIONS = YES;
				CLANG_WARN_DIRECT_OBJC_ISA_USAGE = YES_ERROR;
				CLANG_WARN_DOCUMENTATION_COMMENTS = YES;
				CLANG_WARN_EMPTY_BODY = YES;
				CLANG_WARN_ENUM_CONVERSION = YES;
				CLANG_WARN_INFINITE_RECURSION = YES;
				CLANG_WARN_INT_CONVERSION = YES;
				CLANG_WARN_NON_LITERAL_NULL_CONVERSION = YES;
				CLANG_WARN_OBJC_IMPLICIT_RETAIN_SELF = YES;
				CLANG_WARN_OBJC_LITERAL_CONVERSION = YES;
				CLANG_WARN_OBJC_ROOT_CLASS = YES_ERROR;
				CLANG_WARN_QUOTED_INCLUDE_IN_FRAMEWORK_HEADER = YES;
				CLANG_WARN_RANGE_LOOP_ANALYSIS = YES;
				CLANG_WARN_STRICT_PROTOTYPES = YES;
				CLANG_WARN_SUSPICIOUS_MOVE = YES;
				CLANG_WARN_UNGUARDED_AVAILABILITY = YES_AGGRESSIVE;
				CLANG_WARN_UNREACHABLE_CODE = YES;
				CLANG_WARN__DUPLICATE_METHOD_MATCH = YES;
				COPY_PHASE_STRIP = NO;
				DEBUG_INFORMATION_FORMAT = dwarf;
				ENABLE_STRICT_OBJC_MSGSEND = YES;
				ENABLE_TESTABILITY = YES;
				ENABLE_USER_SCRIPT_SANDBOXING = YES;
				GCC_C_LANGUAGE_STANDARD = gnu17;
				GCC_DYNAMIC_NO_PIC = NO;
				GCC_NO_COMMON_BLOCKS = YES;
				GCC_OPTIMIZATION_LEVEL = 0;
				GCC_PREPROCESSOR_DEFINITIONS = (
					"DEBUG=1",
					"$(inherited)",
				);
				GCC_WARN_64_TO_32_BIT_CONVERSION = YES;
				GCC_WARN_ABOUT_RETURN_TYPE = YES_ERROR;
				GCC_WARN_UNDECLARED_SELECTOR = YES;
				GCC_WARN_UNINITIALIZED_AUTOS = YES_AGGRESSIVE;
				GCC_WARN_UNUSED_FUNCTION = YES;
				GCC_WARN_UNUSED_VARIABLE = YES;
				IPHONEOS_DEPLOYMENT_TARGET = 15.0;
				LOCALIZATION_PREFERS_STRING_CATALOGS = YES;
				MTL_ENABLE_DEBUG_INFO = INCLUDE_SOURCE;
				MTL_FAST_MATH = YES;
				ONLY_ACTIVE_ARCH = YES;
				SDKROOT = iphoneos;
				SWIFT_ACTIVE_COMPILATION_CONDITIONS = "DEBUG $(inherited)";
				SWIFT_OPTIMIZATION_LEVEL = "-Onone";
			};
			name = Debug;
		};
		63BB13C42AC164D70060073D /* Release */ = {
			isa = XCBuildConfiguration;
			buildSettings = {
				ALWAYS_SEARCH_USER_PATHS = NO;
				ASSETCATALOG_COMPILER_GENERATE_SWIFT_ASSET_SYMBOL_EXTENSIONS = YES;
				CLANG_ANALYZER_NONNULL = YES;
				CLANG_ANALYZER_NUMBER_OBJECT_CONVERSION = YES_AGGRESSIVE;
				CLANG_CXX_LANGUAGE_STANDARD = "gnu++20";
				CLANG_ENABLE_MODULES = YES;
				CLANG_ENABLE_OBJC_ARC = YES;
				CLANG_ENABLE_OBJC_WEAK = YES;
				CLANG_WARN_BLOCK_CAPTURE_AUTORELEASING = YES;
				CLANG_WARN_BOOL_CONVERSION = YES;
				CLANG_WARN_COMMA = YES;
				CLANG_WARN_CONSTANT_CONVERSION = YES;
				CLANG_WARN_DEPRECATED_OBJC_IMPLEMENTATIONS = YES;
				CLANG_WARN_DIRECT_OBJC_ISA_USAGE = YES_ERROR;
				CLANG_WARN_DOCUMENTATION_COMMENTS = YES;
				CLANG_WARN_EMPTY_BODY = YES;
				CLANG_WARN_ENUM_CONVERSION = YES;
				CLANG_WARN_INFINITE_RECURSION = YES;
				CLANG_WARN_INT_CONVERSION = YES;
				CLANG_WARN_NON_LITERAL_NULL_CONVERSION = YES;
				CLANG_WARN_OBJC_IMPLICIT_RETAIN_SELF = YES;
				CLANG_WARN_OBJC_LITERAL_CONVERSION = YES;
				CLANG_WARN_OBJC_ROOT_CLASS = YES_ERROR;
				CLANG_WARN_QUOTED_INCLUDE_IN_FRAMEWORK_HEADER = YES;
				CLANG_WARN_RANGE_LOOP_ANALYSIS = YES;
				CLANG_WARN_STRICT_PROTOTYPES = YES;
				CLANG_WARN_SUSPICIOUS_MOVE = YES;
				CLANG_WARN_UNGUARDED_AVAILABILITY = YES_AGGRESSIVE;
				CLANG_WARN_UNREACHABLE_CODE = YES;
				CLANG_WARN__DUPLICATE_METHOD_MATCH = YES;
				COPY_PHASE_STRIP = NO;
				DEBUG_INFORMATION_FORMAT = "dwarf-with-dsym";
				ENABLE_NS_ASSERTIONS = NO;
				ENABLE_STRICT_OBJC_MSGSEND = YES;
				ENABLE_USER_SCRIPT_SANDBOXING = YES;
				GCC_C_LANGUAGE_STANDARD = gnu17;
				GCC_NO_COMMON_BLOCKS = YES;
				GCC_WARN_64_TO_32_BIT_CONVERSION = YES;
				GCC_WARN_ABOUT_RETURN_TYPE = YES_ERROR;
				GCC_WARN_UNDECLARED_SELECTOR = YES;
				GCC_WARN_UNINITIALIZED_AUTOS = YES_AGGRESSIVE;
				GCC_WARN_UNUSED_FUNCTION = YES;
				GCC_WARN_UNUSED_VARIABLE = YES;
				IPHONEOS_DEPLOYMENT_TARGET = 15.0;
				LOCALIZATION_PREFERS_STRING_CATALOGS = YES;
				MTL_ENABLE_DEBUG_INFO = NO;
				MTL_FAST_MATH = YES;
				SDKROOT = iphoneos;
				SWIFT_COMPILATION_MODE = wholemodule;
				VALIDATE_PRODUCT = YES;
			};
			name = Release;
		};
		63BB13C62AC164D70060073D /* Debug */ = {
			isa = XCBuildConfiguration;
			buildSettings = {
				ASSETCATALOG_COMPILER_APPICON_NAME = AppIcon;
				ASSETCATALOG_COMPILER_GLOBAL_ACCENT_COLOR_NAME = AccentColor;
				CODE_SIGN_STYLE = Automatic;
				CURRENT_PROJECT_VERSION = 1;
				DEVELOPMENT_TEAM = 39J2PNZP7V;
				GENERATE_INFOPLIST_FILE = YES;
				INFOPLIST_FILE = BookitList/Info.plist;
				INFOPLIST_KEY_UIApplicationSupportsIndirectInputEvents = YES;
				INFOPLIST_KEY_UILaunchStoryboardName = LaunchScreen;
				INFOPLIST_KEY_UISupportedInterfaceOrientations = UIInterfaceOrientationPortrait;
				INFOPLIST_KEY_UISupportedInterfaceOrientations_iPad = "UIInterfaceOrientationLandscapeLeft UIInterfaceOrientationLandscapeRight UIInterfaceOrientationPortrait UIInterfaceOrientationPortraitUpsideDown";
				IPHONEOS_DEPLOYMENT_TARGET = 15.0;
				LD_RUNPATH_SEARCH_PATHS = (
					"$(inherited)",
					"@executable_path/Frameworks",
				);
				MARKETING_VERSION = 1.0;
				PRODUCT_BUNDLE_IDENTIFIER = "com.steady-on.BookitList";
				PRODUCT_NAME = "$(TARGET_NAME)";
				SUPPORTED_PLATFORMS = "iphoneos iphonesimulator";
				SUPPORTS_MACCATALYST = NO;
				SUPPORTS_MAC_DESIGNED_FOR_IPHONE_IPAD = NO;
				SWIFT_EMIT_LOC_STRINGS = YES;
				SWIFT_VERSION = 5.0;
				TARGETED_DEVICE_FAMILY = 1;
			};
			name = Debug;
		};
		63BB13C72AC164D70060073D /* Release */ = {
			isa = XCBuildConfiguration;
			buildSettings = {
				ASSETCATALOG_COMPILER_APPICON_NAME = AppIcon;
				ASSETCATALOG_COMPILER_GLOBAL_ACCENT_COLOR_NAME = AccentColor;
				CODE_SIGN_STYLE = Automatic;
				CURRENT_PROJECT_VERSION = 1;
				DEVELOPMENT_TEAM = 39J2PNZP7V;
				GENERATE_INFOPLIST_FILE = YES;
				INFOPLIST_FILE = BookitList/Info.plist;
				INFOPLIST_KEY_UIApplicationSupportsIndirectInputEvents = YES;
				INFOPLIST_KEY_UILaunchStoryboardName = LaunchScreen;
				INFOPLIST_KEY_UISupportedInterfaceOrientations = UIInterfaceOrientationPortrait;
				INFOPLIST_KEY_UISupportedInterfaceOrientations_iPad = "UIInterfaceOrientationLandscapeLeft UIInterfaceOrientationLandscapeRight UIInterfaceOrientationPortrait UIInterfaceOrientationPortraitUpsideDown";
				IPHONEOS_DEPLOYMENT_TARGET = 15.0;
				LD_RUNPATH_SEARCH_PATHS = (
					"$(inherited)",
					"@executable_path/Frameworks",
				);
				MARKETING_VERSION = 1.0;
				PRODUCT_BUNDLE_IDENTIFIER = "com.steady-on.BookitList";
				PRODUCT_NAME = "$(TARGET_NAME)";
				SUPPORTED_PLATFORMS = "iphoneos iphonesimulator";
				SUPPORTS_MACCATALYST = NO;
				SUPPORTS_MAC_DESIGNED_FOR_IPHONE_IPAD = NO;
				SWIFT_EMIT_LOC_STRINGS = YES;
				SWIFT_VERSION = 5.0;
				TARGETED_DEVICE_FAMILY = 1;
			};
			name = Release;
		};
/* End XCBuildConfiguration section */

/* Begin XCConfigurationList section */
		63BB13AC2AC164D50060073D /* Build configuration list for PBXProject "BookitList" */ = {
			isa = XCConfigurationList;
			buildConfigurations = (
				63BB13C32AC164D70060073D /* Debug */,
				63BB13C42AC164D70060073D /* Release */,
			);
			defaultConfigurationIsVisible = 0;
			defaultConfigurationName = Release;
		};
		63BB13C52AC164D70060073D /* Build configuration list for PBXNativeTarget "BookitList" */ = {
			isa = XCConfigurationList;
			buildConfigurations = (
				63BB13C62AC164D70060073D /* Debug */,
				63BB13C72AC164D70060073D /* Release */,
			);
			defaultConfigurationIsVisible = 0;
			defaultConfigurationName = Release;
		};
/* End XCConfigurationList section */

/* Begin XCRemoteSwiftPackageReference section */
		637B5C5A2AC86BB300730C01 /* XCRemoteSwiftPackageReference "SnapKit" */ = {
			isa = XCRemoteSwiftPackageReference;
			repositoryURL = "https://github.com/SnapKit/SnapKit.git";
			requirement = {
				kind = upToNextMajorVersion;
				minimumVersion = 5.6.0;
			};
		};
		63A6733E2AC33AFD004F43F4 /* XCRemoteSwiftPackageReference "realm-swift" */ = {
			isa = XCRemoteSwiftPackageReference;
			repositoryURL = "https://github.com/realm/realm-swift.git";
			requirement = {
				kind = upToNextMajorVersion;
				minimumVersion = 10.42.4;
			};
		};
		63BB13C82AC17A610060073D /* XCRemoteSwiftPackageReference "Alamofire" */ = {
			isa = XCRemoteSwiftPackageReference;
			repositoryURL = "https://github.com/Alamofire/Alamofire.git";
			requirement = {
				kind = upToNextMajorVersion;
				minimumVersion = 5.8.0;
			};
		};
/* End XCRemoteSwiftPackageReference section */

/* Begin XCSwiftPackageProductDependency section */
		637B5C5B2AC86BB300730C01 /* SnapKit */ = {
			isa = XCSwiftPackageProductDependency;
			package = 637B5C5A2AC86BB300730C01 /* XCRemoteSwiftPackageReference "SnapKit" */;
			productName = SnapKit;
		};
		637B5C5D2AC86BB300730C01 /* SnapKit-Dynamic */ = {
			isa = XCSwiftPackageProductDependency;
			package = 637B5C5A2AC86BB300730C01 /* XCRemoteSwiftPackageReference "SnapKit" */;
			productName = "SnapKit-Dynamic";
		};
		63A6733F2AC33AFD004F43F4 /* Realm */ = {
			isa = XCSwiftPackageProductDependency;
			package = 63A6733E2AC33AFD004F43F4 /* XCRemoteSwiftPackageReference "realm-swift" */;
			productName = Realm;
		};
		63A673412AC33AFD004F43F4 /* RealmSwift */ = {
			isa = XCSwiftPackageProductDependency;
			package = 63A6733E2AC33AFD004F43F4 /* XCRemoteSwiftPackageReference "realm-swift" */;
			productName = RealmSwift;
		};
		63BB13C92AC17A610060073D /* Alamofire */ = {
			isa = XCSwiftPackageProductDependency;
			package = 63BB13C82AC17A610060073D /* XCRemoteSwiftPackageReference "Alamofire" */;
			productName = Alamofire;
		};
/* End XCSwiftPackageProductDependency section */
	};
	rootObject = 63BB13A92AC164D50060073D /* Project object */;
}
